
Microsoft Visual Studio Solution File, Format Version 12.00
# Visual Studio Version 17
VisualStudioVersion = 17.2.32630.192
MinimumVisualStudioVersion = 10.0.40219.1
Project("{9A19103F-16F7-4668-BE54-9A1E7A4F7556}") = "Exec_1002", "Exec_1002\Exec_1002.csproj", "{A5C0992A-845B-4B03-B89B-1E9BE989608C}"
EndProject
Project("{9A19103F-16F7-4668-BE54-9A1E7A4F7556}") = "Exec_1003", "Exec_1003\Exec_1003.csproj", "{DCAE35C0-A791-4CEC-B360-7716807DF01F}"
EndProject
Project("{9A19103F-16F7-4668-BE54-9A1E7A4F7556}") = "Exec_1004", "eXEC_1004\Exec_1004.csproj", "{0F3CF54B-7712-4D2A-A55C-2421EE0084BA}"
EndProject
Project("{9A19103F-16F7-4668-BE54-9A1E7A4F7556}") = "Exec_1005", "Exec_1005\Exec_1005.csproj", "{40227AF6-5BA6-4AE9-9B92-8AD2B8074C50}"
EndProject
Project("{9A19103F-16F7-4668-BE54-9A1E7A4F7556}") = "Exec_1006", "Exec_1006\Exec_1006.csproj", "{57A92C66-5740-4022-A1D4-8C0497242967}"
EndProject
Project("{9A19103F-16F7-4668-BE54-9A1E7A4F7556}") = "Exec_1007", "Exec_1007\Exec_1007.csproj", "{4739098C-82A0-4DE2-AFD7-88EC32BF1031}"
EndProject
Project("{9A19103F-16F7-4668-BE54-9A1E7A4F7556}") = "Exec_1008", "Exec_1008\Exec_1008.csproj", "{3826F1AB-729C-4E62-816A-01256C89A331}"
EndProject
Project("{9A19103F-16F7-4668-BE54-9A1E7A4F7556}") = "Exec_1009", "Exec_1009\Exec_1009.csproj", "{9007130D-AF3D-4D46-A133-8EA2A287A300}"
EndProject
Project("{9A19103F-16F7-4668-BE54-9A1E7A4F7556}") = "Exec_1010", "Exec_1010\Exec_1010.csproj", "{E35C3F00-72E4-4087-AF12-612410A5DFCF}"
EndProject
Project("{FAE04EC0-301F-11D3-BF4B-00C04F79EFBC}") = "Exec_1011", "Exec_1011\Exec_1011.csproj", "{9F75C1A3-1EE2-4BD1-BC68-506FD7F6C68F}"
EndProject
Project("{FAE04EC0-301F-11D3-BF4B-00C04F79EFBC}") = "Exec_1012", "Exec_1012\Exec_1012.csproj", "{BB66739A-BFF2-4715-AE24-938D7B1F8F03}"
EndProject
Project("{FAE04EC0-301F-11D3-BF4B-00C04F79EFBC}") = "Exec_1013", "Exec_1013\Exec_1013.csproj", "{8EE3DB3A-89F3-4B9C-8661-224ED48C0BBC}"
EndProject
Project("{FAE04EC0-301F-11D3-BF4B-00C04F79EFBC}") = "Exec_1014", "Exec_1014\Exec_1014.csproj", "{5C1C1A68-B524-48A7-A9CF-417CE8FDB3F7}"
EndProject
Project("{FAE04EC0-301F-11D3-BF4B-00C04F79EFBC}") = "Exec_1015", "Exec_1015\Exec_1015.csproj", "{F8D7C03D-3CD1-48AD-A7BA-59D044BF08AF}"
EndProject
Project("{FAE04EC0-301F-11D3-BF4B-00C04F79EFBC}") = "Exec_1016", "Exec_1016\Exec_1016.csproj", "{454DF7EA-F7D8-4BED-A280-7CC2A3412D25}"
EndProject
Project("{FAE04EC0-301F-11D3-BF4B-00C04F79EFBC}") = "Exec_1017", "Exec_1017\Exec_1017.csproj", "{5440CEDD-F3A0-43ED-86C8-6D5E6B6208B5}"
EndProject
Project("{FAE04EC0-301F-11D3-BF4B-00C04F79EFBC}") = "Exec_1018", "Exec_1018\Exec_1018.csproj", "{5CD5F126-07F9-4749-AD0A-DD4F741D9B94}"
EndProject
Project("{FAE04EC0-301F-11D3-BF4B-00C04F79EFBC}") = "Exec_1019", "Exec_1019\Exec_1019.csproj", "{2032CBA5-11E4-4362-96FC-9F6B76C96DCA}"
EndProject
Project("{FAE04EC0-301F-11D3-BF4B-00C04F79EFBC}") = "Exec_1020", "Exec_1020\Exec_1020.csproj", "{E3BFC340-C157-4EBF-B123-8098C4EDB48E}"
EndProject
Project("{FAE04EC0-301F-11D3-BF4B-00C04F79EFBC}") = "Exec_1021", "Exec_1021\Exec_1021.csproj", "{F4034F3E-68D5-4B4D-8E88-0DE483BB575D}"
EndProject
Project("{FAE04EC0-301F-11D3-BF4B-00C04F79EFBC}") = "Exec_1035", "Exec_1035\Exec_1035.csproj", "{C89C126F-C307-45D8-9015-21F83F3690B4}"
EndProject
Project("{FAE04EC0-301F-11D3-BF4B-00C04F79EFBC}") = "Exec_1036", "Exec_1036\Exec_1036.csproj", "{B4C5E43F-5E51-4813-81AB-45AF3C7875DA}"
EndProject
Project("{FAE04EC0-301F-11D3-BF4B-00C04F79EFBC}") = "Exec_1000", "Exec_1000\Exec_1000.csproj", "{1DCD9B0B-5E1E-4794-B9C9-CE5E36F3CD8E}"
EndProject
Project("{FAE04EC0-301F-11D3-BF4B-00C04F79EFBC}") = "Exec_1001", "Exec_1001\Exec_1001.csproj", "{B23258CF-0089-431B-BF3A-2300E28DCAB4}"
EndProject
Project("{FAE04EC0-301F-11D3-BF4B-00C04F79EFBC}") = "Exec_1037", "Exec_1037\Exec_1037.csproj", "{EF2F7D4D-E034-4307-A5E6-426907B5F07F}"
EndProject
Project("{FAE04EC0-301F-11D3-BF4B-00C04F79EFBC}") = "Exec_1038", "Exec_1038\Exec_1038.csproj", "{70AD859C-A5CF-4E4A-ABAC-1A940E698864}"
EndProject
Project("{FAE04EC0-301F-11D3-BF4B-00C04F79EFBC}") = "Exec_1040", "Exec_1040\Exec_1040.csproj", "{9D247259-C945-4F99-AAB7-69CCF611B13F}"
EndProject
Project("{FAE04EC0-301F-11D3-BF4B-00C04F79EFBC}") = "Exec_1041", "Exec_1041\Exec_1041.csproj", "{5BCF5882-E524-4691-9A9C-7C59B87B9C02}"
EndProject
Project("{FAE04EC0-301F-11D3-BF4B-00C04F79EFBC}") = "Exec_1042", "Exec_1042\Exec_1042.csproj", "{B85F98D6-D8CA-4549-81E7-5194EE56798C}"
EndProject
Project("{FAE04EC0-301F-11D3-BF4B-00C04F79EFBC}") = "Exec_1043", "Exec_1043\Exec_1043.csproj", "{1BA2BF85-A2CD-449A-B3DD-A00FD7EF79DF}"
EndProject
Project("{FAE04EC0-301F-11D3-BF4B-00C04F79EFBC}") = "Exec_1044", "Exec_1044\Exec_1044.csproj", "{1C866C80-6C20-4B92-B698-09F633A322D4}"
EndProject
Project("{FAE04EC0-301F-11D3-BF4B-00C04F79EFBC}") = "Exec_1045", "Exec_1045\Exec_1045.csproj", "{4C43B02C-F84A-492B-9219-64FD02CFBF9D}"
EndProject
Project("{FAE04EC0-301F-11D3-BF4B-00C04F79EFBC}") = "Exec_1046", "Exec_1046\Exec_1046.csproj", "{5562AD2F-16A3-4A4E-A602-D094F05BEABE}"
EndProject
Project("{FAE04EC0-301F-11D3-BF4B-00C04F79EFBC}") = "Exec_1047", "Exec_1047\Exec_1047.csproj", "{1FF6E76A-A4DF-426A-BC63-03F81CE7278D}"
EndProject
Global
	GlobalSection(SolutionConfigurationPlatforms) = preSolution
		Debug|Any CPU = Debug|Any CPU
		Release|Any CPU = Release|Any CPU
	EndGlobalSection
	GlobalSection(ProjectConfigurationPlatforms) = postSolution
		{A5C0992A-845B-4B03-B89B-1E9BE989608C}.Debug|Any CPU.ActiveCfg = Debug|Any CPU
		{A5C0992A-845B-4B03-B89B-1E9BE989608C}.Debug|Any CPU.Build.0 = Debug|Any CPU
		{A5C0992A-845B-4B03-B89B-1E9BE989608C}.Release|Any CPU.ActiveCfg = Release|Any CPU
		{A5C0992A-845B-4B03-B89B-1E9BE989608C}.Release|Any CPU.Build.0 = Release|Any CPU
		{DCAE35C0-A791-4CEC-B360-7716807DF01F}.Debug|Any CPU.ActiveCfg = Debug|Any CPU
		{DCAE35C0-A791-4CEC-B360-7716807DF01F}.Debug|Any CPU.Build.0 = Debug|Any CPU
		{DCAE35C0-A791-4CEC-B360-7716807DF01F}.Release|Any CPU.ActiveCfg = Release|Any CPU
		{DCAE35C0-A791-4CEC-B360-7716807DF01F}.Release|Any CPU.Build.0 = Release|Any CPU
		{0F3CF54B-7712-4D2A-A55C-2421EE0084BA}.Debug|Any CPU.ActiveCfg = Debug|Any CPU
		{0F3CF54B-7712-4D2A-A55C-2421EE0084BA}.Debug|Any CPU.Build.0 = Debug|Any CPU
		{0F3CF54B-7712-4D2A-A55C-2421EE0084BA}.Release|Any CPU.ActiveCfg = Release|Any CPU
		{0F3CF54B-7712-4D2A-A55C-2421EE0084BA}.Release|Any CPU.Build.0 = Release|Any CPU
		{40227AF6-5BA6-4AE9-9B92-8AD2B8074C50}.Debug|Any CPU.ActiveCfg = Debug|Any CPU
		{40227AF6-5BA6-4AE9-9B92-8AD2B8074C50}.Debug|Any CPU.Build.0 = Debug|Any CPU
		{40227AF6-5BA6-4AE9-9B92-8AD2B8074C50}.Release|Any CPU.ActiveCfg = Release|Any CPU
		{40227AF6-5BA6-4AE9-9B92-8AD2B8074C50}.Release|Any CPU.Build.0 = Release|Any CPU
		{57A92C66-5740-4022-A1D4-8C0497242967}.Debug|Any CPU.ActiveCfg = Debug|Any CPU
		{57A92C66-5740-4022-A1D4-8C0497242967}.Debug|Any CPU.Build.0 = Debug|Any CPU
		{57A92C66-5740-4022-A1D4-8C0497242967}.Release|Any CPU.ActiveCfg = Release|Any CPU
		{57A92C66-5740-4022-A1D4-8C0497242967}.Release|Any CPU.Build.0 = Release|Any CPU
		{4739098C-82A0-4DE2-AFD7-88EC32BF1031}.Debug|Any CPU.ActiveCfg = Debug|Any CPU
		{4739098C-82A0-4DE2-AFD7-88EC32BF1031}.Debug|Any CPU.Build.0 = Debug|Any CPU
		{4739098C-82A0-4DE2-AFD7-88EC32BF1031}.Release|Any CPU.ActiveCfg = Release|Any CPU
		{4739098C-82A0-4DE2-AFD7-88EC32BF1031}.Release|Any CPU.Build.0 = Release|Any CPU
		{3826F1AB-729C-4E62-816A-01256C89A331}.Debug|Any CPU.ActiveCfg = Debug|Any CPU
		{3826F1AB-729C-4E62-816A-01256C89A331}.Debug|Any CPU.Build.0 = Debug|Any CPU
		{3826F1AB-729C-4E62-816A-01256C89A331}.Release|Any CPU.ActiveCfg = Release|Any CPU
		{3826F1AB-729C-4E62-816A-01256C89A331}.Release|Any CPU.Build.0 = Release|Any CPU
		{9007130D-AF3D-4D46-A133-8EA2A287A300}.Debug|Any CPU.ActiveCfg = Debug|Any CPU
		{9007130D-AF3D-4D46-A133-8EA2A287A300}.Debug|Any CPU.Build.0 = Debug|Any CPU
		{9007130D-AF3D-4D46-A133-8EA2A287A300}.Release|Any CPU.ActiveCfg = Release|Any CPU
		{9007130D-AF3D-4D46-A133-8EA2A287A300}.Release|Any CPU.Build.0 = Release|Any CPU
		{E35C3F00-72E4-4087-AF12-612410A5DFCF}.Debug|Any CPU.ActiveCfg = Debug|Any CPU
		{E35C3F00-72E4-4087-AF12-612410A5DFCF}.Debug|Any CPU.Build.0 = Debug|Any CPU
		{E35C3F00-72E4-4087-AF12-612410A5DFCF}.Release|Any CPU.ActiveCfg = Release|Any CPU
		{E35C3F00-72E4-4087-AF12-612410A5DFCF}.Release|Any CPU.Build.0 = Release|Any CPU
		{9F75C1A3-1EE2-4BD1-BC68-506FD7F6C68F}.Debug|Any CPU.ActiveCfg = Debug|Any CPU
		{9F75C1A3-1EE2-4BD1-BC68-506FD7F6C68F}.Debug|Any CPU.Build.0 = Debug|Any CPU
		{9F75C1A3-1EE2-4BD1-BC68-506FD7F6C68F}.Release|Any CPU.ActiveCfg = Release|Any CPU
		{9F75C1A3-1EE2-4BD1-BC68-506FD7F6C68F}.Release|Any CPU.Build.0 = Release|Any CPU
		{BB66739A-BFF2-4715-AE24-938D7B1F8F03}.Debug|Any CPU.ActiveCfg = Debug|Any CPU
		{BB66739A-BFF2-4715-AE24-938D7B1F8F03}.Debug|Any CPU.Build.0 = Debug|Any CPU
		{BB66739A-BFF2-4715-AE24-938D7B1F8F03}.Release|Any CPU.ActiveCfg = Release|Any CPU
		{BB66739A-BFF2-4715-AE24-938D7B1F8F03}.Release|Any CPU.Build.0 = Release|Any CPU
		{8EE3DB3A-89F3-4B9C-8661-224ED48C0BBC}.Debug|Any CPU.ActiveCfg = Debug|Any CPU
		{8EE3DB3A-89F3-4B9C-8661-224ED48C0BBC}.Debug|Any CPU.Build.0 = Debug|Any CPU
		{8EE3DB3A-89F3-4B9C-8661-224ED48C0BBC}.Release|Any CPU.ActiveCfg = Release|Any CPU
		{8EE3DB3A-89F3-4B9C-8661-224ED48C0BBC}.Release|Any CPU.Build.0 = Release|Any CPU
		{5C1C1A68-B524-48A7-A9CF-417CE8FDB3F7}.Debug|Any CPU.ActiveCfg = Debug|Any CPU
		{5C1C1A68-B524-48A7-A9CF-417CE8FDB3F7}.Debug|Any CPU.Build.0 = Debug|Any CPU
		{5C1C1A68-B524-48A7-A9CF-417CE8FDB3F7}.Release|Any CPU.ActiveCfg = Release|Any CPU
		{5C1C1A68-B524-48A7-A9CF-417CE8FDB3F7}.Release|Any CPU.Build.0 = Release|Any CPU
		{F8D7C03D-3CD1-48AD-A7BA-59D044BF08AF}.Debug|Any CPU.ActiveCfg = Debug|Any CPU
		{F8D7C03D-3CD1-48AD-A7BA-59D044BF08AF}.Debug|Any CPU.Build.0 = Debug|Any CPU
		{F8D7C03D-3CD1-48AD-A7BA-59D044BF08AF}.Release|Any CPU.ActiveCfg = Release|Any CPU
		{F8D7C03D-3CD1-48AD-A7BA-59D044BF08AF}.Release|Any CPU.Build.0 = Release|Any CPU
		{454DF7EA-F7D8-4BED-A280-7CC2A3412D25}.Debug|Any CPU.ActiveCfg = Debug|Any CPU
		{454DF7EA-F7D8-4BED-A280-7CC2A3412D25}.Debug|Any CPU.Build.0 = Debug|Any CPU
		{454DF7EA-F7D8-4BED-A280-7CC2A3412D25}.Release|Any CPU.ActiveCfg = Release|Any CPU
		{454DF7EA-F7D8-4BED-A280-7CC2A3412D25}.Release|Any CPU.Build.0 = Release|Any CPU
		{5440CEDD-F3A0-43ED-86C8-6D5E6B6208B5}.Debug|Any CPU.ActiveCfg = Debug|Any CPU
		{5440CEDD-F3A0-43ED-86C8-6D5E6B6208B5}.Debug|Any CPU.Build.0 = Debug|Any CPU
		{5440CEDD-F3A0-43ED-86C8-6D5E6B6208B5}.Release|Any CPU.ActiveCfg = Release|Any CPU
		{5440CEDD-F3A0-43ED-86C8-6D5E6B6208B5}.Release|Any CPU.Build.0 = Release|Any CPU
		{5CD5F126-07F9-4749-AD0A-DD4F741D9B94}.Debug|Any CPU.ActiveCfg = Debug|Any CPU
		{5CD5F126-07F9-4749-AD0A-DD4F741D9B94}.Debug|Any CPU.Build.0 = Debug|Any CPU
		{5CD5F126-07F9-4749-AD0A-DD4F741D9B94}.Release|Any CPU.ActiveCfg = Release|Any CPU
		{5CD5F126-07F9-4749-AD0A-DD4F741D9B94}.Release|Any CPU.Build.0 = Release|Any CPU
		{2032CBA5-11E4-4362-96FC-9F6B76C96DCA}.Debug|Any CPU.ActiveCfg = Debug|Any CPU
		{2032CBA5-11E4-4362-96FC-9F6B76C96DCA}.Debug|Any CPU.Build.0 = Debug|Any CPU
		{2032CBA5-11E4-4362-96FC-9F6B76C96DCA}.Release|Any CPU.ActiveCfg = Release|Any CPU
		{2032CBA5-11E4-4362-96FC-9F6B76C96DCA}.Release|Any CPU.Build.0 = Release|Any CPU
		{E3BFC340-C157-4EBF-B123-8098C4EDB48E}.Debug|Any CPU.ActiveCfg = Debug|Any CPU
		{E3BFC340-C157-4EBF-B123-8098C4EDB48E}.Debug|Any CPU.Build.0 = Debug|Any CPU
		{E3BFC340-C157-4EBF-B123-8098C4EDB48E}.Release|Any CPU.ActiveCfg = Release|Any CPU
		{E3BFC340-C157-4EBF-B123-8098C4EDB48E}.Release|Any CPU.Build.0 = Release|Any CPU
		{F4034F3E-68D5-4B4D-8E88-0DE483BB575D}.Debug|Any CPU.ActiveCfg = Debug|Any CPU
		{F4034F3E-68D5-4B4D-8E88-0DE483BB575D}.Debug|Any CPU.Build.0 = Debug|Any CPU
		{F4034F3E-68D5-4B4D-8E88-0DE483BB575D}.Release|Any CPU.ActiveCfg = Release|Any CPU
		{F4034F3E-68D5-4B4D-8E88-0DE483BB575D}.Release|Any CPU.Build.0 = Release|Any CPU
		{C89C126F-C307-45D8-9015-21F83F3690B4}.Debug|Any CPU.ActiveCfg = Debug|Any CPU
		{C89C126F-C307-45D8-9015-21F83F3690B4}.Debug|Any CPU.Build.0 = Debug|Any CPU
		{C89C126F-C307-45D8-9015-21F83F3690B4}.Release|Any CPU.ActiveCfg = Release|Any CPU
		{C89C126F-C307-45D8-9015-21F83F3690B4}.Release|Any CPU.Build.0 = Release|Any CPU
		{B4C5E43F-5E51-4813-81AB-45AF3C7875DA}.Debug|Any CPU.ActiveCfg = Debug|Any CPU
		{B4C5E43F-5E51-4813-81AB-45AF3C7875DA}.Debug|Any CPU.Build.0 = Debug|Any CPU
		{B4C5E43F-5E51-4813-81AB-45AF3C7875DA}.Release|Any CPU.ActiveCfg = Release|Any CPU
		{B4C5E43F-5E51-4813-81AB-45AF3C7875DA}.Release|Any CPU.Build.0 = Release|Any CPU
		{1DCD9B0B-5E1E-4794-B9C9-CE5E36F3CD8E}.Debug|Any CPU.ActiveCfg = Debug|Any CPU
		{1DCD9B0B-5E1E-4794-B9C9-CE5E36F3CD8E}.Debug|Any CPU.Build.0 = Debug|Any CPU
		{1DCD9B0B-5E1E-4794-B9C9-CE5E36F3CD8E}.Release|Any CPU.ActiveCfg = Release|Any CPU
		{1DCD9B0B-5E1E-4794-B9C9-CE5E36F3CD8E}.Release|Any CPU.Build.0 = Release|Any CPU
		{B23258CF-0089-431B-BF3A-2300E28DCAB4}.Debug|Any CPU.ActiveCfg = Debug|Any CPU
		{B23258CF-0089-431B-BF3A-2300E28DCAB4}.Debug|Any CPU.Build.0 = Debug|Any CPU
		{B23258CF-0089-431B-BF3A-2300E28DCAB4}.Release|Any CPU.ActiveCfg = Release|Any CPU
		{B23258CF-0089-431B-BF3A-2300E28DCAB4}.Release|Any CPU.Build.0 = Release|Any CPU
		{EF2F7D4D-E034-4307-A5E6-426907B5F07F}.Debug|Any CPU.ActiveCfg = Debug|Any CPU
		{EF2F7D4D-E034-4307-A5E6-426907B5F07F}.Debug|Any CPU.Build.0 = Debug|Any CPU
		{EF2F7D4D-E034-4307-A5E6-426907B5F07F}.Release|Any CPU.ActiveCfg = Release|Any CPU
		{EF2F7D4D-E034-4307-A5E6-426907B5F07F}.Release|Any CPU.Build.0 = Release|Any CPU
		{70AD859C-A5CF-4E4A-ABAC-1A940E698864}.Debug|Any CPU.ActiveCfg = Debug|Any CPU
		{70AD859C-A5CF-4E4A-ABAC-1A940E698864}.Debug|Any CPU.Build.0 = Debug|Any CPU
		{70AD859C-A5CF-4E4A-ABAC-1A940E698864}.Release|Any CPU.ActiveCfg = Release|Any CPU
		{70AD859C-A5CF-4E4A-ABAC-1A940E698864}.Release|Any CPU.Build.0 = Release|Any CPU
		{9D247259-C945-4F99-AAB7-69CCF611B13F}.Debug|Any CPU.ActiveCfg = Debug|Any CPU
		{9D247259-C945-4F99-AAB7-69CCF611B13F}.Debug|Any CPU.Build.0 = Debug|Any CPU
		{9D247259-C945-4F99-AAB7-69CCF611B13F}.Release|Any CPU.ActiveCfg = Release|Any CPU
		{9D247259-C945-4F99-AAB7-69CCF611B13F}.Release|Any CPU.Build.0 = Release|Any CPU
		{5BCF5882-E524-4691-9A9C-7C59B87B9C02}.Debug|Any CPU.ActiveCfg = Debug|Any CPU
		{5BCF5882-E524-4691-9A9C-7C59B87B9C02}.Debug|Any CPU.Build.0 = Debug|Any CPU
		{5BCF5882-E524-4691-9A9C-7C59B87B9C02}.Release|Any CPU.ActiveCfg = Release|Any CPU
		{5BCF5882-E524-4691-9A9C-7C59B87B9C02}.Release|Any CPU.Build.0 = Release|Any CPU
		{B85F98D6-D8CA-4549-81E7-5194EE56798C}.Debug|Any CPU.ActiveCfg = Debug|Any CPU
		{B85F98D6-D8CA-4549-81E7-5194EE56798C}.Debug|Any CPU.Build.0 = Debug|Any CPU
		{B85F98D6-D8CA-4549-81E7-5194EE56798C}.Release|Any CPU.ActiveCfg = Release|Any CPU
		{B85F98D6-D8CA-4549-81E7-5194EE56798C}.Release|Any CPU.Build.0 = Release|Any CPU
		{1BA2BF85-A2CD-449A-B3DD-A00FD7EF79DF}.Debug|Any CPU.ActiveCfg = Debug|Any CPU
		{1BA2BF85-A2CD-449A-B3DD-A00FD7EF79DF}.Debug|Any CPU.Build.0 = Debug|Any CPU
		{1BA2BF85-A2CD-449A-B3DD-A00FD7EF79DF}.Release|Any CPU.ActiveCfg = Release|Any CPU
		{1BA2BF85-A2CD-449A-B3DD-A00FD7EF79DF}.Release|Any CPU.Build.0 = Release|Any CPU
		{1C866C80-6C20-4B92-B698-09F633A322D4}.Debug|Any CPU.ActiveCfg = Debug|Any CPU
		{1C866C80-6C20-4B92-B698-09F633A322D4}.Debug|Any CPU.Build.0 = Debug|Any CPU
		{1C866C80-6C20-4B92-B698-09F633A322D4}.Release|Any CPU.ActiveCfg = Release|Any CPU
		{1C866C80-6C20-4B92-B698-09F633A322D4}.Release|Any CPU.Build.0 = Release|Any CPU
		{4C43B02C-F84A-492B-9219-64FD02CFBF9D}.Debug|Any CPU.ActiveCfg = Debug|Any CPU
		{4C43B02C-F84A-492B-9219-64FD02CFBF9D}.Debug|Any CPU.Build.0 = Debug|Any CPU
		{4C43B02C-F84A-492B-9219-64FD02CFBF9D}.Release|Any CPU.ActiveCfg = Release|Any CPU
		{4C43B02C-F84A-492B-9219-64FD02CFBF9D}.Release|Any CPU.Build.0 = Release|Any CPU
		{5562AD2F-16A3-4A4E-A602-D094F05BEABE}.Debug|Any CPU.ActiveCfg = Debug|Any CPU
		{5562AD2F-16A3-4A4E-A602-D094F05BEABE}.Debug|Any CPU.Build.0 = Debug|Any CPU
		{5562AD2F-16A3-4A4E-A602-D094F05BEABE}.Release|Any CPU.ActiveCfg = Release|Any CPU
		{5562AD2F-16A3-4A4E-A602-D094F05BEABE}.Release|Any CPU.Build.0 = Release|Any CPU
		{1FF6E76A-A4DF-426A-BC63-03F81CE7278D}.Debug|Any CPU.ActiveCfg = Debug|Any CPU
		{1FF6E76A-A4DF-426A-BC63-03F81CE7278D}.Debug|Any CPU.Build.0 = Debug|Any CPU
		{1FF6E76A-A4DF-426A-BC63-03F81CE7278D}.Release|Any CPU.ActiveCfg = Release|Any CPU
		{1FF6E76A-A4DF-426A-BC63-03F81CE7278D}.Release|Any CPU.Build.0 = Release|Any CPU
	EndGlobalSection
	GlobalSection(SolutionProperties) = preSolution
		HideSolutionNode = FALSE
	EndGlobalSection
	GlobalSection(ExtensibilityGlobals) = postSolution
		SolutionGuid = {0995FB62-D998-43BD-B838-4FF15E12152B}
	EndGlobalSection
EndGlobal
